// !$*UTF8*$!
{
	archiveVersion = 1;
	classes = {
	};
	objectVersion = 51;
	objects = {

/* Begin PBXBuildFile section */
		44497DB224BC509E0061ED12 /* YPMiddleware.m in Sources */ = {isa = PBXBuildFile; fileRef = 44497DB024BC509D0061ED12 /* YPMiddleware.m */; };
		44D33B2C23F11EA70070989B /* AppDelegate.m in Sources */ = {isa = PBXBuildFile; fileRef = 44D33B2B23F11EA70070989B /* AppDelegate.m */; };
		44D33B2F23F11EA70070989B /* SceneDelegate.m in Sources */ = {isa = PBXBuildFile; fileRef = 44D33B2E23F11EA70070989B /* SceneDelegate.m */; };
		44D33B3223F11EA70070989B /* ViewController.m in Sources */ = {isa = PBXBuildFile; fileRef = 44D33B3123F11EA70070989B /* ViewController.m */; };
		44D33B3523F11EA70070989B /* Main.storyboard in Resources */ = {isa = PBXBuildFile; fileRef = 44D33B3323F11EA70070989B /* Main.storyboard */; };
		44D33B3723F11EAC0070989B /* Assets.xcassets in Resources */ = {isa = PBXBuildFile; fileRef = 44D33B3623F11EAC0070989B /* Assets.xcassets */; };
		44D33B3A23F11EAC0070989B /* LaunchScreen.storyboard in Resources */ = {isa = PBXBuildFile; fileRef = 44D33B3823F11EAC0070989B /* LaunchScreen.storyboard */; };
		44D33B3D23F11EAC0070989B /* main.m in Sources */ = {isa = PBXBuildFile; fileRef = 44D33B3C23F11EAC0070989B /* main.m */; };
		44D33B4523F123690070989B /* OtherViewController.m in Sources */ = {isa = PBXBuildFile; fileRef = 44D33B4423F123690070989B /* OtherViewController.m */; };
		8F3A382DC010F93C351CE21D /* Pods_YPMiddlewareDemo.framework in Frameworks */ = {isa = PBXBuildFile; fileRef = 152E685AF52DDA5BD3A760B8 /* Pods_YPMiddlewareDemo.framework */; };
/* End PBXBuildFile section */

/* Begin PBXFileReference section */
		152E685AF52DDA5BD3A760B8 /* Pods_YPMiddlewareDemo.framework */ = {isa = PBXFileReference; explicitFileType = wrapper.framework; includeInIndex = 0; path = Pods_YPMiddlewareDemo.framework; sourceTree = BUILT_PRODUCTS_DIR; };
		2D5E137FCB223AE0D928E884 /* Pods-YPMiddlewareDemo.debug.xcconfig */ = {isa = PBXFileReference; includeInIndex = 1; lastKnownFileType = text.xcconfig; name = "Pods-YPMiddlewareDemo.debug.xcconfig"; path = "Target Support Files/Pods-YPMiddlewareDemo/Pods-YPMiddlewareDemo.debug.xcconfig"; sourceTree = "<group>"; };
		44497DB024BC509D0061ED12 /* YPMiddleware.m */ = {isa = PBXFileReference; lastKnownFileType = sourcecode.c.objc; path = YPMiddleware.m; sourceTree = "<group>"; };
		44497DB124BC509E0061ED12 /* YPMiddleware.h */ = {isa = PBXFileReference; lastKnownFileType = sourcecode.c.h; path = YPMiddleware.h; sourceTree = "<group>"; };
		44D33B2723F11EA70070989B /* YPMiddlewareDemo.app */ = {isa = PBXFileReference; explicitFileType = wrapper.application; includeInIndex = 0; path = YPMiddlewareDemo.app; sourceTree = BUILT_PRODUCTS_DIR; };
		44D33B2A23F11EA70070989B /* AppDelegate.h */ = {isa = PBXFileReference; lastKnownFileType = sourcecode.c.h; path = AppDelegate.h; sourceTree = "<group>"; };
		44D33B2B23F11EA70070989B /* AppDelegate.m */ = {isa = PBXFileReference; lastKnownFileType = sourcecode.c.objc; path = AppDelegate.m; sourceTree = "<group>"; };
		44D33B2D23F11EA70070989B /* SceneDelegate.h */ = {isa = PBXFileReference; lastKnownFileType = sourcecode.c.h; path = SceneDelegate.h; sourceTree = "<group>"; };
		44D33B2E23F11EA70070989B /* SceneDelegate.m */ = {isa = PBXFileReference; lastKnownFileType = sourcecode.c.objc; path = SceneDelegate.m; sourceTree = "<group>"; };
		44D33B3023F11EA70070989B /* ViewController.h */ = {isa = PBXFileReference; lastKnownFileType = sourcecode.c.h; path = ViewController.h; sourceTree = "<group>"; };
		44D33B3123F11EA70070989B /* ViewController.m */ = {isa = PBXFileReference; lastKnownFileType = sourcecode.c.objc; path = ViewController.m; sourceTree = "<group>"; };
		44D33B3423F11EA70070989B /* Base */ = {isa = PBXFileReference; lastKnownFileType = file.storyboard; name = Base; path = Base.lproj/Main.storyboard; sourceTree = "<group>"; };
		44D33B3623F11EAC0070989B /* Assets.xcassets */ = {isa = PBXFileReference; lastKnownFileType = folder.assetcatalog; path = Assets.xcassets; sourceTree = "<group>"; };
		44D33B3923F11EAC0070989B /* Base */ = {isa = PBXFileReference; lastKnownFileType = file.storyboard; name = Base; path = Base.lproj/LaunchScreen.storyboard; sourceTree = "<group>"; };
		44D33B3B23F11EAC0070989B /* Info.plist */ = {isa = PBXFileReference; lastKnownFileType = text.plist.xml; path = Info.plist; sourceTree = "<group>"; };
		44D33B3C23F11EAC0070989B /* main.m */ = {isa = PBXFileReference; lastKnownFileType = sourcecode.c.objc; path = main.m; sourceTree = "<group>"; };
		44D33B4323F123690070989B /* OtherViewController.h */ = {isa = PBXFileReference; lastKnownFileType = sourcecode.c.h; path = OtherViewController.h; sourceTree = "<group>"; };
		44D33B4423F123690070989B /* OtherViewController.m */ = {isa = PBXFileReference; lastKnownFileType = sourcecode.c.objc; path = OtherViewController.m; sourceTree = "<group>"; };
		B1955C41A2C4B7B486998EEA /* Pods-YPMiddlewareDemo.release.xcconfig */ = {isa = PBXFileReference; includeInIndex = 1; lastKnownFileType = text.xcconfig; name = "Pods-YPMiddlewareDemo.release.xcconfig"; path = "Target Support Files/Pods-YPMiddlewareDemo/Pods-YPMiddlewareDemo.release.xcconfig"; sourceTree = "<group>"; };
/* End PBXFileReference section */

/* Begin PBXFrameworksBuildPhase section */
		44D33B2423F11EA70070989B /* Frameworks */ = {
			isa = PBXFrameworksBuildPhase;
			buildActionMask = 2147483647;
			files = (
				8F3A382DC010F93C351CE21D /* Pods_YPMiddlewareDemo.framework in Frameworks */,
			);
			runOnlyForDeploymentPostprocessing = 0;
		};
/* End PBXFrameworksBuildPhase section */

/* Begin PBXGroup section */
		44D33B1E23F11EA70070989B = {
			isa = PBXGroup;
			children = (
				44D33B2923F11EA70070989B /* YPMiddlewareDemo */,
				44D33B2823F11EA70070989B /* Products */,
				F91EA206D6C55B593BE8DC7C /* Pods */,
				A1F6D7B2E3692E51B4E231ED /* Frameworks */,
			);
			sourceTree = "<group>";
		};
		44D33B2823F11EA70070989B /* Products */ = {
			isa = PBXGroup;
			children = (
				44D33B2723F11EA70070989B /* YPMiddlewareDemo.app */,
			);
			name = Products;
			sourceTree = "<group>";
		};
		44D33B2923F11EA70070989B /* YPMiddlewareDemo */ = {
			isa = PBXGroup;
			children = (
				44D33B2A23F11EA70070989B /* AppDelegate.h */,
				44D33B2B23F11EA70070989B /* AppDelegate.m */,
				44D33B2D23F11EA70070989B /* SceneDelegate.h */,
				44D33B2E23F11EA70070989B /* SceneDelegate.m */,
				44D33B3023F11EA70070989B /* ViewController.h */,
				44D33B3123F11EA70070989B /* ViewController.m */,
				44D33B4323F123690070989B /* OtherViewController.h */,
				44D33B4423F123690070989B /* OtherViewController.m */,
				44497DB124BC509E0061ED12 /* YPMiddleware.h */,
				44497DB024BC509D0061ED12 /* YPMiddleware.m */,
				44D33B3323F11EA70070989B /* Main.storyboard */,
				44D33B3623F11EAC0070989B /* Assets.xcassets */,
				44D33B3823F11EAC0070989B /* LaunchScreen.storyboard */,
				44D33B3B23F11EAC0070989B /* Info.plist */,
				44D33B3C23F11EAC0070989B /* main.m */,
			);
			path = YPMiddlewareDemo;
			sourceTree = "<group>";
		};
		A1F6D7B2E3692E51B4E231ED /* Frameworks */ = {
			isa = PBXGroup;
			children = (
				152E685AF52DDA5BD3A760B8 /* Pods_YPMiddlewareDemo.framework */,
			);
			name = Frameworks;
			sourceTree = "<group>";
		};
		F91EA206D6C55B593BE8DC7C /* Pods */ = {
			isa = PBXGroup;
			children = (
				2D5E137FCB223AE0D928E884 /* Pods-YPMiddlewareDemo.debug.xcconfig */,
				B1955C41A2C4B7B486998EEA /* Pods-YPMiddlewareDemo.release.xcconfig */,
			);
			path = Pods;
			sourceTree = "<group>";
		};
/* End PBXGroup section */

/* Begin PBXNativeTarget section */
		44D33B2623F11EA70070989B /* YPMiddlewareDemo */ = {
			isa = PBXNativeTarget;
			buildConfigurationList = 44D33B4023F11EAC0070989B /* Build configuration list for PBXNativeTarget "YPMiddlewareDemo" */;
			buildPhases = (
				9DE6057DDACF7A91E09CBA6E /* [CP] Check Pods Manifest.lock */,
				44D33B2323F11EA70070989B /* Sources */,
				44D33B2423F11EA70070989B /* Frameworks */,
				44D33B2523F11EA70070989B /* Resources */,
			);
			buildRules = (
			);
			dependencies = (
			);
			name = YPMiddlewareDemo;
			productName = YPMiddlewareDemo;
			productReference = 44D33B2723F11EA70070989B /* YPMiddlewareDemo.app */;
			productType = "com.apple.product-type.application";
		};
/* End PBXNativeTarget section */

/* Begin PBXProject section */
		44D33B1F23F11EA70070989B /* Project object */ = {
			isa = PBXProject;
			attributes = {
				LastUpgradeCheck = 1130;
				ORGANIZATIONNAME = hyp;
				TargetAttributes = {
					44D33B2623F11EA70070989B = {
						CreatedOnToolsVersion = 11.3.1;
					};
				};
			};
			buildConfigurationList = 44D33B2223F11EA70070989B /* Build configuration list for PBXProject "YPMiddlewareDemo" */;
			compatibilityVersion = "Xcode 9.3";
			developmentRegion = en;
			hasScannedForEncodings = 0;
			knownRegions = (
				en,
				Base,
			);
			mainGroup = 44D33B1E23F11EA70070989B;
			productRefGroup = 44D33B2823F11EA70070989B /* Products */;
			projectDirPath = "";
			projectRoot = "";
			targets = (
				44D33B2623F11EA70070989B /* YPMiddlewareDemo */,
			);
		};
/* End PBXProject section */

/* Begin PBXResourcesBuildPhase section */
		44D33B2523F11EA70070989B /* Resources */ = {
			isa = PBXResourcesBuildPhase;
			buildActionMask = 2147483647;
			files = (
				44D33B3A23F11EAC0070989B /* LaunchScreen.storyboard in Resources */,
				44D33B3723F11EAC0070989B /* Assets.xcassets in Resources */,
				44D33B3523F11EA70070989B /* Main.storyboard in Resources */,
			);
			runOnlyForDeploymentPostprocessing = 0;
		};
/* End PBXResourcesBuildPhase section */

/* Begin PBXShellScriptBuildPhase section */
		9DE6057DDACF7A91E09CBA6E /* [CP] Check Pods Manifest.lock */ = {
			isa = PBXShellScriptBuildPhase;
			buildActionMask = 2147483647;
			files = (
			);
			inputFileListPaths = (
			);
			inputPaths = (
				"${PODS_PODFILE_DIR_PATH}/Podfile.lock",
				"${PODS_ROOT}/Manifest.lock",
			);
			name = "[CP] Check Pods Manifest.lock";
			outputFileListPaths = (
			);
			outputPaths = (
				"$(DERIVED_FILE_DIR)/Pods-YPMiddlewareDemo-checkManifestLockResult.txt",
			);
			runOnlyForDeploymentPostprocessing = 0;
			shellPath = /bin/sh;
			shellScript = "diff \"${PODS_PODFILE_DIR_PATH}/Podfile.lock\" \"${PODS_ROOT}/Manifest.lock\" > /dev/null\nif [ $? != 0 ] ; then\n    # print error to STDERR\n    echo \"error: The sandbox is not in sync with the Podfile.lock. Run 'pod install' or update your CocoaPods installation.\" >&2\n    exit 1\nfi\n# This output is used by Xcode 'outputs' to avoid re-running this script phase.\necho \"SUCCESS\" > \"${SCRIPT_OUTPUT_FILE_0}\"\n";
			showEnvVarsInLog = 0;
		};
/* End PBXShellScriptBuildPhase section */

/* Begin PBXSourcesBuildPhase section */
		44D33B2323F11EA70070989B /* Sources */ = {
			isa = PBXSourcesBuildPhase;
			buildActionMask = 2147483647;
			files = (
				44D33B3223F11EA70070989B /* ViewController.m in Sources */,
				44D33B4523F123690070989B /* OtherViewController.m in Sources */,
				44497DB224BC509E0061ED12 /* YPMiddleware.m in Sources */,
				44D33B2C23F11EA70070989B /* AppDelegate.m in Sources */,
				44D33B3D23F11EAC0070989B /* main.m in Sources */,
				44D33B2F23F11EA70070989B /* SceneDelegate.m in Sources */,
			);
			runOnlyForDeploymentPostprocessing = 0;
		};
/* End PBXSourcesBuildPhase section */

/* Begin PBXVariantGroup section */
		44D33B3323F11EA70070989B /* Main.storyboard */ = {
			isa = PBXVariantGroup;
			children = (
				44D33B3423F11EA70070989B /* Base */,
			);
			name = Main.storyboard;
			sourceTree = "<group>";
		};
		44D33B3823F11EAC0070989B /* LaunchScreen.storyboard */ = {
			isa = PBXVariantGroup;
			children = (
				44D33B3923F11EAC0070989B /* Base */,
			);
			name = LaunchScreen.storyboard;
			sourceTree = "<group>";
		};
/* End PBXVariantGroup section */

/* Begin XCBuildConfiguration section */
		44D33B3E23F11EAC0070989B /* Debug */ = {
			isa = XCBuildConfiguration;
			buildSettings = {
				ALWAYS_SEARCH_USER_PATHS = NO;
				CLANG_ANALYZER_NONNULL = YES;
				CLANG_ANALYZER_NUMBER_OBJECT_CONVERSION = YES_AGGRESSIVE;
				CLANG_CXX_LANGUAGE_STANDARD = "gnu++14";
				CLANG_CXX_LIBRARY = "libc++";
				CLANG_ENABLE_MODULES = YES;
				CLANG_ENABLE_OBJC_ARC = YES;
				CLANG_ENABLE_OBJC_WEAK = YES;
				CLANG_WARN_BLOCK_CAPTURE_AUTORELEASING = YES;
				CLANG_WARN_BOOL_CONVERSION = YES;
				CLANG_WARN_COMMA = YES;
				CLANG_WARN_CONSTANT_CONVERSION = YES;
				CLANG_WARN_DEPRECATED_OBJC_IMPLEMENTATIONS = YES;
				CLANG_WARN_DIRECT_OBJC_ISA_USAGE = YES_ERROR;
				CLANG_WARN_DOCUMENTATION_COMMENTS = YES;
				CLANG_WARN_EMPTY_BODY = YES;
				CLANG_WARN_ENUM_CONVERSION = YES;
				CLANG_WARN_INFINITE_RECURSION = YES;
				CLANG_WARN_INT_CONVERSION = YES;
				CLANG_WARN_NON_LITERAL_NULL_CONVERSION = YES;
				CLANG_WARN_OBJC_IMPLICIT_RETAIN_SELF = YES;
				CLANG_WARN_OBJC_LITERAL_CONVERSION = YES;
				CLANG_WARN_OBJC_ROOT_CLASS = YES_ERROR;
				CLANG_WARN_RANGE_LOOP_ANALYSIS = YES;
				CLANG_WARN_STRICT_PROTOTYPES = YES;
				CLANG_WARN_SUSPICIOUS_MOVE = YES;
				CLANG_WARN_UNGUARDED_AVAILABILITY = YES_AGGRESSIVE;
				CLANG_WARN_UNREACHABLE_CODE = YES;
				CLANG_WARN__DUPLICATE_METHOD_MATCH = YES;
				COPY_PHASE_STRIP = NO;
				DEBUG_INFORMATION_FORMAT = dwarf;
				ENABLE_STRICT_OBJC_MSGSEND = YES;
				ENABLE_TESTABILITY = YES;
				GCC_C_LANGUAGE_STANDARD = gnu11;
				GCC_DYNAMIC_NO_PIC = NO;
				GCC_NO_COMMON_BLOCKS = YES;
				GCC_OPTIMIZATION_LEVEL = 0;
				GCC_PREPROCESSOR_DEFINITIONS = (
					"DEBUG=1",
					"$(inherited)",
				);
				GCC_WARN_64_TO_32_BIT_CONVERSION = YES;
				GCC_WARN_ABOUT_RETURN_TYPE = YES_ERROR;
				GCC_WARN_UNDECLARED_SELECTOR = YES;
				GCC_WARN_UNINITIALIZED_AUTOS = YES_AGGRESSIVE;
				GCC_WARN_UNUSED_FUNCTION = YES;
				GCC_WARN_UNUSED_VARIABLE = YES;
				IPHONEOS_DEPLOYMENT_TARGET = 13.2;
				MTL_ENABLE_DEBUG_INFO = INCLUDE_SOURCE;
				MTL_FAST_MATH = YES;
				ONLY_ACTIVE_ARCH = YES;
				SDKROOT = iphoneos;
			};
			name = Debug;
		};
		44D33B3F23F11EAC0070989B /* Release */ = {
			isa = XCBuildConfiguration;
			buildSettings = {
				ALWAYS_SEARCH_USER_PATHS = NO;
				CLANG_ANALYZER_NONNULL = YES;
				CLANG_ANALYZER_NUMBER_OBJECT_CONVERSION = YES_AGGRESSIVE;
				CLANG_CXX_LANGUAGE_STANDARD = "gnu++14";
				CLANG_CXX_LIBRARY = "libc++";
				CLANG_ENABLE_MODULES = YES;
				CLANG_ENABLE_OBJC_ARC = YES;
				CLANG_ENABLE_OBJC_WEAK = YES;
				CLANG_WARN_BLOCK_CAPTURE_AUTORELEASING = YES;
				CLANG_WARN_BOOL_CONVERSION = YES;
				CLANG_WARN_COMMA = YES;
				CLANG_WARN_CONSTANT_CONVERSION = YES;
				CLANG_WARN_DEPRECATED_OBJC_IMPLEMENTATIONS = YES;
				CLANG_WARN_DIRECT_OBJC_ISA_USAGE = YES_ERROR;
				CLANG_WARN_DOCUMENTATION_COMMENTS = YES;
				CLANG_WARN_EMPTY_BODY = YES;
				CLANG_WARN_ENUM_CONVERSION = YES;
				CLANG_WARN_INFINITE_RECURSION = YES;
				CLANG_WARN_INT_CONVERSION = YES;
				CLANG_WARN_NON_LITERAL_NULL_CONVERSION = YES;
				CLANG_WARN_OBJC_IMPLICIT_RETAIN_SELF = YES;
				CLANG_WARN_OBJC_LITERAL_CONVERSION = YES;
				CLANG_WARN_OBJC_ROOT_CLASS = YES_ERROR;
				CLANG_WARN_RANGE_LOOP_ANALYSIS = YES;
				CLANG_WARN_STRICT_PROTOTYPES = YES;
				CLANG_WARN_SUSPICIOUS_MOVE = YES;
				CLANG_WARN_UNGUARDED_AVAILABILITY = YES_AGGRESSIVE;
				CLANG_WARN_UNREACHABLE_CODE = YES;
				CLANG_WARN__DUPLICATE_METHOD_MATCH = YES;
				COPY_PHASE_STRIP = NO;
				DEBUG_INFORMATION_FORMAT = "dwarf-with-dsym";
				ENABLE_NS_ASSERTIONS = NO;
				ENABLE_STRICT_OBJC_MSGSEND = YES;
				GCC_C_LANGUAGE_STANDARD = gnu11;
				GCC_NO_COMMON_BLOCKS = YES;
				GCC_WARN_64_TO_32_BIT_CONVERSION = YES;
				GCC_WARN_ABOUT_RETURN_TYPE = YES_ERROR;
				GCC_WARN_UNDECLARED_SELECTOR = YES;
				GCC_WARN_UNINITIALIZED_AUTOS = YES_AGGRESSIVE;
				GCC_WARN_UNUSED_FUNCTION = YES;
				GCC_WARN_UNUSED_VARIABLE = YES;
				IPHONEOS_DEPLOYMENT_TARGET = 13.2;
				MTL_ENABLE_DEBUG_INFO = NO;
				MTL_FAST_MATH = YES;
				SDKROOT = iphoneos;
				VALIDATE_PRODUCT = YES;
			};
			name = Release;
		};
		44D33B4123F11EAC0070989B /* Debug */ = {
			isa = XCBuildConfiguration;
			baseConfigurationReference = 2D5E137FCB223AE0D928E884 /* Pods-YPMiddlewareDemo.debug.xcconfig */;
			buildSettings = {
				ASSETCATALOG_COMPILER_APPICON_NAME = AppIcon;
				CODE_SIGN_STYLE = Automatic;
				DEVELOPMENT_TEAM = 2J3Q4VXBEW;
				INFOPLIST_FILE = YPMiddlewareDemo/Info.plist;
				LD_RUNPATH_SEARCH_PATHS = (
					"$(inherited)",
					"@executable_path/Frameworks",
				);
				PRODUCT_BUNDLE_IDENTIFIER = hyp.YPMiddlewareDemo;
				PRODUCT_NAME = "$(TARGET_NAME)";
				TARGETED_DEVICE_FAMILY = "1,2";
			};
			name = Debug;
		};
		44D33B4223F11EAC0070989B /* Release */ = {
			isa = XCBuildConfiguration;
			baseConfigurationReference = B1955C41A2C4B7B486998EEA /* Pods-YPMiddlewareDemo.release.xcconfig */;
			buildSettings = {
				ASSETCATALOG_COMPILER_APPICON_NAME = AppIcon;
				CODE_SIGN_STYLE = Automatic;
				DEVELOPMENT_TEAM = 2J3Q4VXBEW;
				INFOPLIST_FILE = YPMiddlewareDemo/Info.plist;
				LD_RUNPATH_SEARCH_PATHS = (
					"$(inherited)",
					"@executable_path/Frameworks",
				);
				PRODUCT_BUNDLE_IDENTIFIER = hyp.YPMiddlewareDemo;
				PRODUCT_NAME = "$(TARGET_NAME)";
				TARGETED_DEVICE_FAMILY = "1,2";
			};
			name = Release;
		};
/* End XCBuildConfiguration section */

/* Begin XCConfigurationList section */
		44D33B2223F11EA70070989B /* Build configuration list for PBXProject "YPMiddlewareDemo" */ = {
			isa = XCConfigurationList;
			buildConfigurations = (
				44D33B3E23F11EAC0070989B /* Debug */,
				44D33B3F23F11EAC0070989B /* Release */,
			);
			defaultConfigurationIsVisible = 0;
			defaultConfigurationName = Release;
		};
		44D33B4023F11EAC0070989B /* Build configuration list for PBXNativeTarget "YPMiddlewareDemo" */ = {
			isa = XCConfigurationList;
			buildConfigurations = (
				44D33B4123F11EAC0070989B /* Debug */,
				44D33B4223F11EAC0070989B /* Release */,
			);
			defaultConfigurationIsVisible = 0;
			defaultConfigurationName = Release;
		};
/* End XCConfigurationList section */
	};
	rootObject = 44D33B1F23F11EA70070989B /* Project object */;
}
